// !$*UTF8*$!
{
	archiveVersion = 1;
	classes = {
	};
	objectVersion = 55;
	objects = {

/* Begin PBXBuildFile section */
		33D9713728306DDC00434231 /* MovieViewerApp.swift in Sources */ = {isa = PBXBuildFile; fileRef = 33D9713628306DDC00434231 /* MovieViewerApp.swift */; };
		33D9713928306DDC00434231 /* ContentView.swift in Sources */ = {isa = PBXBuildFile; fileRef = 33D9713828306DDC00434231 /* ContentView.swift */; };
		33D9713B28306DDD00434231 /* Assets.xcassets in Resources */ = {isa = PBXBuildFile; fileRef = 33D9713A28306DDD00434231 /* Assets.xcassets */; };
		33D9713E28306DDD00434231 /* Preview Assets.xcassets in Resources */ = {isa = PBXBuildFile; fileRef = 33D9713D28306DDD00434231 /* Preview Assets.xcassets */; };
		33D9714828306DDE00434231 /* MovieViewerTests.swift in Sources */ = {isa = PBXBuildFile; fileRef = 33D9714728306DDE00434231 /* MovieViewerTests.swift */; };
		33D9715228306DDE00434231 /* MovieViewerUITests.swift in Sources */ = {isa = PBXBuildFile; fileRef = 33D9715128306DDE00434231 /* MovieViewerUITests.swift */; };
		33D9715428306DDE00434231 /* MovieViewerUITestsLaunchTests.swift in Sources */ = {isa = PBXBuildFile; fileRef = 33D9715328306DDE00434231 /* MovieViewerUITestsLaunchTests.swift */; };
/* End PBXBuildFile section */

/* Begin PBXContainerItemProxy section */
		33D9714428306DDE00434231 /* PBXContainerItemProxy */ = {
			isa = PBXContainerItemProxy;
			containerPortal = 33D9712B28306DDC00434231 /* Project object */;
			proxyType = 1;
			remoteGlobalIDString = 33D9713228306DDC00434231;
			remoteInfo = MovieViewer;
		};
		33D9714E28306DDE00434231 /* PBXContainerItemProxy */ = {
			isa = PBXContainerItemProxy;
			containerPortal = 33D9712B28306DDC00434231 /* Project object */;
			proxyType = 1;
			remoteGlobalIDString = 33D9713228306DDC00434231;
			remoteInfo = MovieViewer;
		};
/* End PBXContainerItemProxy section */

/* Begin PBXFileReference section */
		33D9713328306DDC00434231 /* MovieViewer.app */ = {isa = PBXFileReference; explicitFileType = wrapper.application; includeInIndex = 0; path = MovieViewer.app; sourceTree = BUILT_PRODUCTS_DIR; };
		33D9713628306DDC00434231 /* MovieViewerApp.swift */ = {isa = PBXFileReference; lastKnownFileType = sourcecode.swift; path = MovieViewerApp.swift; sourceTree = "<group>"; };
		33D9713828306DDC00434231 /* ContentView.swift */ = {isa = PBXFileReference; lastKnownFileType = sourcecode.swift; path = ContentView.swift; sourceTree = "<group>"; };
		33D9713A28306DDD00434231 /* Assets.xcassets */ = {isa = PBXFileReference; lastKnownFileType = folder.assetcatalog; path = Assets.xcassets; sourceTree = "<group>"; };
		33D9713D28306DDD00434231 /* Preview Assets.xcassets */ = {isa = PBXFileReference; lastKnownFileType = folder.assetcatalog; path = "Preview Assets.xcassets"; sourceTree = "<group>"; };
		33D9714328306DDE00434231 /* MovieViewerTests.xctest */ = {isa = PBXFileReference; explicitFileType = wrapper.cfbundle; includeInIndex = 0; path = MovieViewerTests.xctest; sourceTree = BUILT_PRODUCTS_DIR; };
		33D9714728306DDE00434231 /* MovieViewerTests.swift */ = {isa = PBXFileReference; lastKnownFileType = sourcecode.swift; path = MovieViewerTests.swift; sourceTree = "<group>"; };
		33D9714D28306DDE00434231 /* MovieViewerUITests.xctest */ = {isa = PBXFileReference; explicitFileType = wrapper.cfbundle; includeInIndex = 0; path = MovieViewerUITests.xctest; sourceTree = BUILT_PRODUCTS_DIR; };
		33D9715128306DDE00434231 /* MovieViewerUITests.swift */ = {isa = PBXFileReference; lastKnownFileType = sourcecode.swift; path = MovieViewerUITests.swift; sourceTree = "<group>"; };
		33D9715328306DDE00434231 /* MovieViewerUITestsLaunchTests.swift */ = {isa = PBXFileReference; lastKnownFileType = sourcecode.swift; path = MovieViewerUITestsLaunchTests.swift; sourceTree = "<group>"; };
/* End PBXFileReference section */

/* Begin PBXFrameworksBuildPhase section */
		33D9713028306DDC00434231 /* Frameworks */ = {
			isa = PBXFrameworksBuildPhase;
			buildActionMask = 2147483647;
			files = (
			);
			runOnlyForDeploymentPostprocessing = 0;
		};
		33D9714028306DDE00434231 /* Frameworks */ = {
			isa = PBXFrameworksBuildPhase;
			buildActionMask = 2147483647;
			files = (
			);
			runOnlyForDeploymentPostprocessing = 0;
		};
		33D9714A28306DDE00434231 /* Frameworks */ = {
			isa = PBXFrameworksBuildPhase;
			buildActionMask = 2147483647;
			files = (
			);
			runOnlyForDeploymentPostprocessing = 0;
		};
/* End PBXFrameworksBuildPhase section */

/* Begin PBXGroup section */
		33D9712A28306DDC00434231 = {
			isa = PBXGroup;
			children = (
				33D9713528306DDC00434231 /* MovieViewer */,
				33D9714628306DDE00434231 /* MovieViewerTests */,
				33D9715028306DDE00434231 /* MovieViewerUITests */,
				33D9713428306DDC00434231 /* Products */,
			);
			sourceTree = "<group>";
		};
		33D9713428306DDC00434231 /* Products */ = {
			isa = PBXGroup;
			children = (
				33D9713328306DDC00434231 /* MovieViewer.app */,
				33D9714328306DDE00434231 /* MovieViewerTests.xctest */,
				33D9714D28306DDE00434231 /* MovieViewerUITests.xctest */,
			);
			name = Products;
			sourceTree = "<group>";
		};
		33D9713528306DDC00434231 /* MovieViewer */ = {
			isa = PBXGroup;
			children = (
				33D9713628306DDC00434231 /* MovieViewerApp.swift */,
				33D9713828306DDC00434231 /* ContentView.swift */,
				33D9713A28306DDD00434231 /* Assets.xcassets */,
				33D9713C28306DDD00434231 /* Preview Content */,
			);
			path = MovieViewer;
			sourceTree = "<group>";
		};
		33D9713C28306DDD00434231 /* Preview Content */ = {
			isa = PBXGroup;
			children = (
				33D9713D28306DDD00434231 /* Preview Assets.xcassets */,
			);
			path = "Preview Content";
			sourceTree = "<group>";
		};
		33D9714628306DDE00434231 /* MovieViewerTests */ = {
			isa = PBXGroup;
			children = (
				33D9714728306DDE00434231 /* MovieViewerTests.swift */,
			);
			path = MovieViewerTests;
			sourceTree = "<group>";
		};
		33D9715028306DDE00434231 /* MovieViewerUITests */ = {
			isa = PBXGroup;
			children = (
				33D9715128306DDE00434231 /* MovieViewerUITests.swift */,
				33D9715328306DDE00434231 /* MovieViewerUITestsLaunchTests.swift */,
			);
			path = MovieViewerUITests;
			sourceTree = "<group>";
		};
/* End PBXGroup section */

/* Begin PBXNativeTarget section */
		33D9713228306DDC00434231 /* MovieViewer */ = {
			isa = PBXNativeTarget;
			buildConfigurationList = 33D9715728306DDE00434231 /* Build configuration list for PBXNativeTarget "MovieViewer" */;
			buildPhases = (
				33D9712F28306DDC00434231 /* Sources */,
				33D9713028306DDC00434231 /* Frameworks */,
				33D9713128306DDC00434231 /* Resources */,
			);
			buildRules = (
			);
			dependencies = (
			);
			name = MovieViewer;
			productName = MovieViewer;
			productReference = 33D9713328306DDC00434231 /* MovieViewer.app */;
			productType = "com.apple.product-type.application";
		};
		33D9714228306DDE00434231 /* MovieViewerTests */ = {
			isa = PBXNativeTarget;
			buildConfigurationList = 33D9715A28306DDE00434231 /* Build configuration list for PBXNativeTarget "MovieViewerTests" */;
			buildPhases = (
				33D9713F28306DDE00434231 /* Sources */,
				33D9714028306DDE00434231 /* Frameworks */,
				33D9714128306DDE00434231 /* Resources */,
			);
			buildRules = (
			);
			dependencies = (
				33D9714528306DDE00434231 /* PBXTargetDependency */,
			);
			name = MovieViewerTests;
			productName = MovieViewerTests;
			productReference = 33D9714328306DDE00434231 /* MovieViewerTests.xctest */;
			productType = "com.apple.product-type.bundle.unit-test";
		};
		33D9714C28306DDE00434231 /* MovieViewerUITests */ = {
			isa = PBXNativeTarget;
			buildConfigurationList = 33D9715D28306DDE00434231 /* Build configuration list for PBXNativeTarget "MovieViewerUITests" */;
			buildPhases = (
				33D9714928306DDE00434231 /* Sources */,
				33D9714A28306DDE00434231 /* Frameworks */,
				33D9714B28306DDE00434231 /* Resources */,
			);
			buildRules = (
			);
			dependencies = (
				33D9714F28306DDE00434231 /* PBXTargetDependency */,
			);
			name = MovieViewerUITests;
			productName = MovieViewerUITests;
			productReference = 33D9714D28306DDE00434231 /* MovieViewerUITests.xctest */;
			productType = "com.apple.product-type.bundle.ui-testing";
		};
/* End PBXNativeTarget section */

/* Begin PBXProject section */
		33D9712B28306DDC00434231 /* Project object */ = {
			isa = PBXProject;
			attributes = {
				BuildIndependentTargetsInParallel = 1;
				LastSwiftUpdateCheck = 1330;
				LastUpgradeCheck = 1330;
				TargetAttributes = {
					33D9713228306DDC00434231 = {
						CreatedOnToolsVersion = 13.3.1;
					};
					33D9714228306DDE00434231 = {
						CreatedOnToolsVersion = 13.3.1;
						TestTargetID = 33D9713228306DDC00434231;
					};
					33D9714C28306DDE00434231 = {
						CreatedOnToolsVersion = 13.3.1;
						TestTargetID = 33D9713228306DDC00434231;
					};
				};
			};
			buildConfigurationList = 33D9712E28306DDC00434231 /* Build configuration list for PBXProject "MovieViewer" */;
			compatibilityVersion = "Xcode 13.0";
			developmentRegion = en;
			hasScannedForEncodings = 0;
			knownRegions = (
				en,
				Base,
			);
			mainGroup = 33D9712A28306DDC00434231;
			productRefGroup = 33D9713428306DDC00434231 /* Products */;
			projectDirPath = "";
			projectRoot = "";
			targets = (
				33D9713228306DDC00434231 /* MovieViewer */,
				33D9714228306DDE00434231 /* MovieViewerTests */,
				33D9714C28306DDE00434231 /* MovieViewerUITests */,
			);
		};
/* End PBXProject section */

/* Begin PBXResourcesBuildPhase section */
		33D9713128306DDC00434231 /* Resources */ = {
			isa = PBXResourcesBuildPhase;
			buildActionMask = 2147483647;
			files = (
				33D9713E28306DDD00434231 /* Preview Assets.xcassets in Resources */,
				33D9713B28306DDD00434231 /* Assets.xcassets in Resources */,
			);
			runOnlyForDeploymentPostprocessing = 0;
		};
		33D9714128306DDE00434231 /* Resources */ = {
			isa = PBXResourcesBuildPhase;
			buildActionMask = 2147483647;
			files = (
			);
			runOnlyForDeploymentPostprocessing = 0;
		};
		33D9714B28306DDE00434231 /* Resources */ = {
			isa = PBXResourcesBuildPhase;
			buildActionMask = 2147483647;
			files = (
			);
			runOnlyForDeploymentPostprocessing = 0;
		};
/* End PBXResourcesBuildPhase section */

/* Begin PBXSourcesBuildPhase section */
		33D9712F28306DDC00434231 /* Sources */ = {
			isa = PBXSourcesBuildPhase;
			buildActionMask = 2147483647;
			files = (
				33D9713928306DDC00434231 /* ContentView.swift in Sources */,
				33D9713728306DDC00434231 /* MovieViewerApp.swift in Sources */,
			);
			runOnlyForDeploymentPostprocessing = 0;
		};
		33D9713F28306DDE00434231 /* Sources */ = {
			isa = PBXSourcesBuildPhase;
			buildActionMask = 2147483647;
			files = (
				33D9714828306DDE00434231 /* MovieViewerTests.swift in Sources */,
			);
			runOnlyForDeploymentPostprocessing = 0;
		};
		33D9714928306DDE00434231 /* Sources */ = {
			isa = PBXSourcesBuildPhase;
			buildActionMask = 2147483647;
			files = (
				33D9715228306DDE00434231 /* MovieViewerUITests.swift in Sources */,
				33D9715428306DDE00434231 /* MovieViewerUITestsLaunchTests.swift in Sources */,
			);
			runOnlyForDeploymentPostprocessing = 0;
		};
/* End PBXSourcesBuildPhase section */

/* Begin PBXTargetDependency section */
		33D9714528306DDE00434231 /* PBXTargetDependency */ = {
			isa = PBXTargetDependency;
			target = 33D9713228306DDC00434231 /* MovieViewer */;
			targetProxy = 33D9714428306DDE00434231 /* PBXContainerItemProxy */;
		};
		33D9714F28306DDE00434231 /* PBXTargetDependency */ = {
			isa = PBXTargetDependency;
			target = 33D9713228306DDC00434231 /* MovieViewer */;
			targetProxy = 33D9714E28306DDE00434231 /* PBXContainerItemProxy */;
		};
/* End PBXTargetDependency section */

/* Begin XCBuildConfiguration section */
		33D9715528306DDE00434231 /* Debug */ = {
			isa = XCBuildConfiguration;
			buildSettings = {
				ALWAYS_SEARCH_USER_PATHS = NO;
				CLANG_ANALYZER_NONNULL = YES;
				CLANG_ANALYZER_NUMBER_OBJECT_CONVERSION = YES_AGGRESSIVE;
				CLANG_CXX_LANGUAGE_STANDARD = "gnu++17";
				CLANG_ENABLE_MODULES = YES;
				CLANG_ENABLE_OBJC_ARC = YES;
				CLANG_ENABLE_OBJC_WEAK = YES;
				CLANG_WARN_BLOCK_CAPTURE_AUTORELEASING = YES;
				CLANG_WARN_BOOL_CONVERSION = YES;
				CLANG_WARN_COMMA = YES;
				CLANG_WARN_CONSTANT_CONVERSION = YES;
				CLANG_WARN_DEPRECATED_OBJC_IMPLEMENTATIONS = YES;
				CLANG_WARN_DIRECT_OBJC_ISA_USAGE = YES_ERROR;
				CLANG_WARN_DOCUMENTATION_COMMENTS = YES;
				CLANG_WARN_EMPTY_BODY = YES;
				CLANG_WARN_ENUM_CONVERSION = YES;
				CLANG_WARN_INFINITE_RECURSION = YES;
				CLANG_WARN_INT_CONVERSION = YES;
				CLANG_WARN_NON_LITERAL_NULL_CONVERSION = YES;
				CLANG_WARN_OBJC_IMPLICIT_RETAIN_SELF = YES;
				CLANG_WARN_OBJC_LITERAL_CONVERSION = YES;
				CLANG_WARN_OBJC_ROOT_CLASS = YES_ERROR;
				CLANG_WARN_QUOTED_INCLUDE_IN_FRAMEWORK_HEADER = YES;
				CLANG_WARN_RANGE_LOOP_ANALYSIS = YES;
				CLANG_WARN_STRICT_PROTOTYPES = YES;
				CLANG_WARN_SUSPICIOUS_MOVE = YES;
				CLANG_WARN_UNGUARDED_AVAILABILITY = YES_AGGRESSIVE;
				CLANG_WARN_UNREACHABLE_CODE = YES;
				CLANG_WARN__DUPLICATE_METHOD_MATCH = YES;
				COPY_PHASE_STRIP = NO;
				DEBUG_INFORMATION_FORMAT = dwarf;
				ENABLE_STRICT_OBJC_MSGSEND = YES;
				ENABLE_TESTABILITY = YES;
				GCC_C_LANGUAGE_STANDARD = gnu11;
				GCC_DYNAMIC_NO_PIC = NO;
				GCC_NO_COMMON_BLOCKS = YES;
				GCC_OPTIMIZATION_LEVEL = 0;
				GCC_PREPROCESSOR_DEFINITIONS = (
					"DEBUG=1",
					"$(inherited)",
				);
				GCC_WARN_64_TO_32_BIT_CONVERSION = YES;
				GCC_WARN_ABOUT_RETURN_TYPE = YES_ERROR;
				GCC_WARN_UNDECLARED_SELECTOR = YES;
				GCC_WARN_UNINITIALIZED_AUTOS = YES_AGGRESSIVE;
				GCC_WARN_UNUSED_FUNCTION = YES;
				GCC_WARN_UNUSED_VARIABLE = YES;
				IPHONEOS_DEPLOYMENT_TARGET = 15.4;
				MTL_ENABLE_DEBUG_INFO = INCLUDE_SOURCE;
				MTL_FAST_MATH = YES;
				ONLY_ACTIVE_ARCH = YES;
				SDKROOT = iphoneos;
				SWIFT_ACTIVE_COMPILATION_CONDITIONS = DEBUG;
				SWIFT_OPTIMIZATION_LEVEL = "-Onone";
			};
			name = Debug;
		};
		33D9715628306DDE00434231 /* Release */ = {
			isa = XCBuildConfiguration;
			buildSettings = {
				ALWAYS_SEARCH_USER_PATHS = NO;
				CLANG_ANALYZER_NONNULL = YES;
				CLANG_ANALYZER_NUMBER_OBJECT_CONVERSION = YES_AGGRESSIVE;
				CLANG_CXX_LANGUAGE_STANDARD = "gnu++17";
				CLANG_ENABLE_MODULES = YES;
				CLANG_ENABLE_OBJC_ARC = YES;
				CLANG_ENABLE_OBJC_WEAK = YES;
				CLANG_WARN_BLOCK_CAPTURE_AUTORELEASING = YES;
				CLANG_WARN_BOOL_CONVERSION = YES;
				CLANG_WARN_COMMA = YES;
				CLANG_WARN_CONSTANT_CONVERSION = YES;
				CLANG_WARN_DEPRECATED_OBJC_IMPLEMENTATIONS = YES;
				CLANG_WARN_DIRECT_OBJC_ISA_USAGE = YES_ERROR;
				CLANG_WARN_DOCUMENTATION_COMMENTS = YES;
				CLANG_WARN_EMPTY_BODY = YES;
				CLANG_WARN_ENUM_CONVERSION = YES;
				CLANG_WARN_INFINITE_RECURSION = YES;
				CLANG_WARN_INT_CONVERSION = YES;
				CLANG_WARN_NON_LITERAL_NULL_CONVERSION = YES;
				CLANG_WARN_OBJC_IMPLICIT_RETAIN_SELF = YES;
				CLANG_WARN_OBJC_LITERAL_CONVERSION = YES;
				CLANG_WARN_OBJC_ROOT_CLASS = YES_ERROR;
				CLANG_WARN_QUOTED_INCLUDE_IN_FRAMEWORK_HEADER = YES;
				CLANG_WARN_RANGE_LOOP_ANALYSIS = YES;
				CLANG_WARN_STRICT_PROTOTYPES = YES;
				CLANG_WARN_SUSPICIOUS_MOVE = YES;
				CLANG_WARN_UNGUARDED_AVAILABILITY = YES_AGGRESSIVE;
				CLANG_WARN_UNREACHABLE_CODE = YES;
				CLANG_WARN__DUPLICATE_METHOD_MATCH = YES;
				COPY_PHASE_STRIP = NO;
				DEBUG_INFORMATION_FORMAT = "dwarf-with-dsym";
				ENABLE_NS_ASSERTIONS = NO;
				ENABLE_STRICT_OBJC_MSGSEND = YES;
				GCC_C_LANGUAGE_STANDARD = gnu11;
				GCC_NO_COMMON_BLOCKS = YES;
				GCC_WARN_64_TO_32_BIT_CONVERSION = YES;
				GCC_WARN_ABOUT_RETURN_TYPE = YES_ERROR;
				GCC_WARN_UNDECLARED_SELECTOR = YES;
				GCC_WARN_UNINITIALIZED_AUTOS = YES_AGGRESSIVE;
				GCC_WARN_UNUSED_FUNCTION = YES;
				GCC_WARN_UNUSED_VARIABLE = YES;
				IPHONEOS_DEPLOYMENT_TARGET = 15.4;
				MTL_ENABLE_DEBUG_INFO = NO;
				MTL_FAST_MATH = YES;
				SDKROOT = iphoneos;
				SWIFT_COMPILATION_MODE = wholemodule;
				SWIFT_OPTIMIZATION_LEVEL = "-O";
				VALIDATE_PRODUCT = YES;
			};
			name = Release;
		};
		33D9715828306DDE00434231 /* Debug */ = {
			isa = XCBuildConfiguration;
			buildSettings = {
				ASSETCATALOG_COMPILER_APPICON_NAME = AppIcon;
				ASSETCATALOG_COMPILER_GLOBAL_ACCENT_COLOR_NAME = AccentColor;
				CODE_SIGN_STYLE = Automatic;
				CURRENT_PROJECT_VERSION = 1;
				DEVELOPMENT_ASSET_PATHS = "\"MovieViewer/Preview Content\"";
				DEVELOPMENT_TEAM = 6DWJWLSP44;
				ENABLE_PREVIEWS = YES;
				GENERATE_INFOPLIST_FILE = YES;
				INFOPLIST_KEY_UIApplicationSceneManifest_Generation = YES;
				INFOPLIST_KEY_UIApplicationSupportsIndirectInputEvents = YES;
				INFOPLIST_KEY_UILaunchScreen_Generation = YES;
				INFOPLIST_KEY_UISupportedInterfaceOrientations_iPad = "UIInterfaceOrientationPortrait UIInterfaceOrientationPortraitUpsideDown UIInterfaceOrientationLandscapeLeft UIInterfaceOrientationLandscapeRight";
				INFOPLIST_KEY_UISupportedInterfaceOrientations_iPhone = "UIInterfaceOrientationPortrait UIInterfaceOrientationLandscapeLeft UIInterfaceOrientationLandscapeRight";
				LD_RUNPATH_SEARCH_PATHS = (
					"$(inherited)",
					"@executable_path/Frameworks",
				);
				MARKETING_VERSION = 1.0;
				PRODUCT_BUNDLE_IDENTIFIER = daniel.MovieViewer;
				PRODUCT_NAME = "$(TARGET_NAME)";
				SWIFT_EMIT_LOC_STRINGS = YES;
				SWIFT_VERSION = 5.0;
				TARGETED_DEVICE_FAMILY = "1,2";
			};
			name = Debug;
		};
		33D9715928306DDE00434231 /* Release */ = {
			isa = XCBuildConfiguration;
			buildSettings = {
				ASSETCATALOG_COMPILER_APPICON_NAME = AppIcon;
				ASSETCATALOG_COMPILER_GLOBAL_ACCENT_COLOR_NAME = AccentColor;
				CODE_SIGN_STYLE = Automatic;
				CURRENT_PROJECT_VERSION = 1;
				DEVELOPMENT_ASSET_PATHS = "\"MovieViewer/Preview Content\"";
				DEVELOPMENT_TEAM = 6DWJWLSP44;
				ENABLE_PREVIEWS = YES;
				GENERATE_INFOPLIST_FILE = YES;
				INFOPLIST_KEY_UIApplicationSceneManifest_Generation = YES;
				INFOPLIST_KEY_UIApplicationSupportsIndirectInputEvents = YES;
				INFOPLIST_KEY_UILaunchScreen_Generation = YES;
				INFOPLIST_KEY_UISupportedInterfaceOrientations_iPad = "UIInterfaceOrientationPortrait UIInterfaceOrientationPortraitUpsideDown UIInterfaceOrientationLandscapeLeft UIInterfaceOrientationLandscapeRight";
				INFOPLIST_KEY_UISupportedInterfaceOrientations_iPhone = "UIInterfaceOrientationPortrait UIInterfaceOrientationLandscapeLeft UIInterfaceOrientationLandscapeRight";
				LD_RUNPATH_SEARCH_PATHS = (
					"$(inherited)",
					"@executable_path/Frameworks",
				);
				MARKETING_VERSION = 1.0;
				PRODUCT_BUNDLE_IDENTIFIER = daniel.MovieViewer;
				PRODUCT_NAME = "$(TARGET_NAME)";
				SWIFT_EMIT_LOC_STRINGS = YES;
				SWIFT_VERSION = 5.0;
				TARGETED_DEVICE_FAMILY = "1,2";
			};
			name = Release;
		};
		33D9715B28306DDE00434231 /* Debug */ = {
			isa = XCBuildConfiguration;
			buildSettings = {
				ALWAYS_EMBED_SWIFT_STANDARD_LIBRARIES = YES;
				BUNDLE_LOADER = "$(TEST_HOST)";
				CODE_SIGN_STYLE = Automatic;
				CURRENT_PROJECT_VERSION = 1;
				DEVELOPMENT_TEAM = 6DWJWLSP44;
				GENERATE_INFOPLIST_FILE = YES;
				IPHONEOS_DEPLOYMENT_TARGET = 15.4;
				MARKETING_VERSION = 1.0;
				PRODUCT_BUNDLE_IDENTIFIER = daniel.MovieViewerTests;
				PRODUCT_NAME = "$(TARGET_NAME)";
				SWIFT_EMIT_LOC_STRINGS = NO;
				SWIFT_VERSION = 5.0;
				TARGETED_DEVICE_FAMILY = "1,2";
				TEST_HOST = "$(BUILT_PRODUCTS_DIR)/MovieViewer.app/MovieViewer";
			};
			name = Debug;
		};
		33D9715C28306DDE00434231 /* Release */ = {
			isa = XCBuildConfiguration;
			buildSettings = {
				ALWAYS_EMBED_SWIFT_STANDARD_LIBRARIES = YES;
				BUNDLE_LOADER = "$(TEST_HOST)";
				CODE_SIGN_STYLE = Automatic;
				CURRENT_PROJECT_VERSION = 1;
				DEVELOPMENT_TEAM = 6DWJWLSP44;
				GENERATE_INFOPLIST_FILE = YES;
				IPHONEOS_DEPLOYMENT_TARGET = 15.4;
				MARKETING_VERSION = 1.0;
				PRODUCT_BUNDLE_IDENTIFIER = daniel.MovieViewerTests;
				PRODUCT_NAME = "$(TARGET_NAME)";
				SWIFT_EMIT_LOC_STRINGS = NO;
				SWIFT_VERSION = 5.0;
				TARGETED_DEVICE_FAMILY = "1,2";
				TEST_HOST = "$(BUILT_PRODUCTS_DIR)/MovieViewer.app/MovieViewer";
			};
			name = Release;
		};
		33D9715E28306DDE00434231 /* Debug */ = {
			isa = XCBuildConfiguration;
			buildSettings = {
				ALWAYS_EMBED_SWIFT_STANDARD_LIBRARIES = YES;
				CODE_SIGN_STYLE = Automatic;
				CURRENT_PROJECT_VERSION = 1;
				DEVELOPMENT_TEAM = 6DWJWLSP44;
				GENERATE_INFOPLIST_FILE = YES;
				MARKETING_VERSION = 1.0;
				PRODUCT_BUNDLE_IDENTIFIER = daniel.MovieViewerUITests;
				PRODUCT_NAME = "$(TARGET_NAME)";
				SWIFT_EMIT_LOC_STRINGS = NO;
				SWIFT_VERSION = 5.0;
				TARGETED_DEVICE_FAMILY = "1,2";
				TEST_TARGET_NAME = MovieViewer;
			};
			name = Debug;
		};
		33D9715F28306DDE00434231 /* Release */ = {
			isa = XCBuildConfiguration;
			buildSettings = {
				ALWAYS_EMBED_SWIFT_STANDARD_LIBRARIES = YES;
				CODE_SIGN_STYLE = Automatic;
				CURRENT_PROJECT_VERSION = 1;
				DEVELOPMENT_TEAM = 6DWJWLSP44;
				GENERATE_INFOPLIST_FILE = YES;
				MARKETING_VERSION = 1.0;
				PRODUCT_BUNDLE_IDENTIFIER = daniel.MovieViewerUITests;
				PRODUCT_NAME = "$(TARGET_NAME)";
				SWIFT_EMIT_LOC_STRINGS = NO;
				SWIFT_VERSION = 5.0;
				TARGETED_DEVICE_FAMILY = "1,2";
				TEST_TARGET_NAME = MovieViewer;
			};
			name = Release;
		};
/* End XCBuildConfiguration section */

/* Begin XCConfigurationList section */
		33D9712E28306DDC00434231 /* Build configuration list for PBXProject "MovieViewer" */ = {
			isa = XCConfigurationList;
			buildConfigurations = (
				33D9715528306DDE00434231 /* Debug */,
				33D9715628306DDE00434231 /* Release */,
			);
			defaultConfigurationIsVisible = 0;
			defaultConfigurationName = Release;
		};
		33D9715728306DDE00434231 /* Build configuration list for PBXNativeTarget "MovieViewer" */ = {
			isa = XCConfigurationList;
			buildConfigurations = (
				33D9715828306DDE00434231 /* Debug */,
				33D9715928306DDE00434231 /* Release */,
			);
			defaultConfigurationIsVisible = 0;
			defaultConfigurationName = Release;
		};
		33D9715A28306DDE00434231 /* Build configuration list for PBXNativeTarget "MovieViewerTests" */ = {
			isa = XCConfigurationList;
			buildConfigurations = (
				33D9715B28306DDE00434231 /* Debug */,
				33D9715C28306DDE00434231 /* Release */,
			);
			defaultConfigurationIsVisible = 0;
			defaultConfigurationName = Release;
		};
		33D9715D28306DDE00434231 /* Build configuration list for PBXNativeTarget "MovieViewerUITests" */ = {
			isa = XCConfigurationList;
			buildConfigurations = (
				33D9715E28306DDE00434231 /* Debug */,
				33D9715F28306DDE00434231 /* Release */,
			);
			defaultConfigurationIsVisible = 0;
			defaultConfigurationName = Release;
		};
/* End XCConfigurationList section */
	};
	rootObject = 33D9712B28306DDC00434231 /* Project object */;
}
